github.com/aws/aws-sdk-go-v2 v1.41.6 h1:1AX0AthnBQzMx1vbmir3Y4WsnJgiydmnJjiLu+LvXOg=
github.com/aws/aws-sdk-go-v2 v1.41.6/go.mod h1:dy0UzBIfwSeot4grGvY1AqFWN5zgziMmWGzysDnHFcQ=
github.com/aws/aws-sdk-go-v2/aws/protocol/eventstream v1.7.9 h1:adBsCIIpLbLmYnkQU+nAChU5yhVTvu5PerROm+/Kq2A=
github.com/aws/aws-sdk-go-v2/aws/protocol/eventstream v1.7.9/go.mod h1:uOYhgfgThm/ZyAuJGNQ5YgNyOlYfqnGpTHXvk3cpykg=
github.com/aws/aws-sdk-go-v2/config v1.32.16 h1:Q0iQ7quUgJP0F/SCRTieScnaMdXr9h/2+wze1u3cNeM=
github.com/aws/aws-sdk-go-v2/config v1.32.16/go.mod h1:duCCnJEFqpt2RC6no1iK6q+8HpwOAkiUua0pY507dQc=
github.com/aws/aws-sdk-go-v2/credentials v1.19.15 h1:fyvgWTszojq8hEnMi8PPBTvZdTtEVmAVyo+NFLHBhH4=
github.com/aws/aws-sdk-go-v2/credentials v1.19.15/go.mod h1:gJiYyMOjNg8OEdRWOf3CrFQxM2a98qmrtjx1zuiQfB8=
github.com/aws/aws-sdk-go-v2/feature/ec2/imds v1.18.22 h1:IOGsJ1xVWhsi+ZO7/NW8OuZZBtMJLZbk4P5HDjJO0jQ=
github.com/aws/aws-sdk-go-v2/feature/ec2/imds v1.18.22/go.mod h1:b+hYdbU+jGKfXE8kKM6g1+h+L/Go3vMvzlxBsiuGsxg=
github.com/aws/aws-sdk-go-v2/feature/s3/transfermanager v0.1.17 h1:95y7/EqethAhFwMKJ9cDutzBhsS1h8uBwkJ5rp8pNTU=
github.com/aws/aws-sdk-go-v2/feature/s3/transfermanager v0.1.17/go.mod h1:77baheqr62SkTw77HWH8qpdWTd2gXKN0xg0qLvDSkpk=
github.com/aws/aws-sdk-go-v2/internal/configsources v1.4.22 h1:GmLa5Kw1ESqtFpXsx5MmC84QWa/ZrLZvlJGa2y+4kcQ=
github.com/aws/aws-sdk-go-v2/internal/configsources v1.4.22/go.mod h1:6sW9iWm9DK9YRpRGga/qzrzNLgKpT2cIxb7Vo2eNOp0=
github.com/aws/aws-sdk-go-v2/internal/endpoints/v2 v2.7.22 h1:dY4kWZiSaXIzxnKlj17nHnBcXXBfac6UlsAx2qL6XrU=
github.com/aws/aws-sdk-go-v2/internal/endpoints/v2 v2.7.22/go.mod h1:KIpEUx0JuRZLO7U6cbV204cWAEco2iC3l061IxlwLtI=
github.com/aws/aws-sdk-go-v2/internal/v4a v1.4.23 h1:FPXsW9+gMuIeKmz7j6ENWcWtBGTe1kH8r9thNt5Uxx4=
github.com/aws/aws-sdk-go-v2/internal/v4a v1.4.23/go.mod h1:7J8iGMdRKk6lw2C+cMIphgAnT8uTwBwNOsGkyOCm80U=
github.com/aws/aws-sdk-go-v2/service/internal/accept-encoding v1.13.8 h1:HtOTYcbVcGABLOVuPYaIihj6IlkqubBwFj10K5fxRek=
github.com/aws/aws-sdk-go-v2/service/internal/accept-encoding v1.13.8/go.mod h1:VsK9abqQeGlzPgUr+isNWzPlK2vKe9INMLWnY65f5Xs=
github.com/aws/aws-sdk-go-v2/service/internal/checksum v1.9.14 h1:xnvDEnw+pnj5mctWiYuFbigrEzSm35x7k4KS/ZkCANg=
github.com/aws/aws-sdk-go-v2/service/internal/checksum v1.9.14/go.mod h1:yS5rNogD8e0Wu9+l3MUwr6eENBzEeGejvINpN5PAYfY=
github.com/aws/aws-sdk-go-v2/service/internal/presigned-url v1.13.22 h1:PUmZeJU6Y1Lbvt9WFuJ0ugUK2xn6hIWUBBbKuOWF30s=
github.com/aws/aws-sdk-go-v2/service/internal/presigned-url v1.13.22/go.mod h1:nO6egFBoAaoXze24a2C0NjQCvdpk8OueRoYimvEB9jo=
github.com/aws/aws-sdk-go-v2/service/internal/s3shared v1.19.22 h1:SE+aQ4DEqG53RRCAIHlCf//B2ycxGH7jFkpnAh/kKPM=
github.com/aws/aws-sdk-go-v2/service/internal/s3shared v1.19.22/go.mod h1:ES3ynECd7fYeJIL6+oax+uIEljmfps0S70BaQzbMd/o=
github.com/aws/aws-sdk-go-v2/service/s3 v1.99.1 h1:kU/eBN5+MWNo/LcbNa4hWDdN76hdcd7hocU5kvu7IsU=
github.com/aws/aws-sdk-go-v2/service/s3 v1.99.1/go.mod h1:Fw9aqhJicIVee1VytBBjH+l+5ov6/PhbtIK/u3rt/ls=
github.com/aws/aws-sdk-go-v2/service/signin v1.0.10 h1:a1Fq/KXn75wSzoJaPQTgZO0wHGqE9mjFnylnqEPTchA=
github.com/aws/aws-sdk-go-v2/service/signin v1.0.10/go.mod h1:p6+MXNxW7IA6dMgHfTAzljuwSKD0NCm/4lbS4t6+7vI=
github.com/aws/aws-sdk-go-v2/service/sso v1.30.16 h1:x6bKbmDhsgSZwv6q19wY/u3rLk/3FGjJWyqKcIRufpE=
github.com/aws/aws-sdk-go-v2/service/sso v1.30.16/go.mod h1:CudnEVKRtLn0+3uMV0yEXZ+YZOKnAtUJ5DmDhilVnIw=
github.com/aws/aws-sdk-go-v2/service/ssooidc v1.35.20 h1:oK/njaL8GtyEihkWMD4k3VgHCT64RQKkZwh0DG5j8ak=
github.com/aws/aws-sdk-go-v2/service/ssooidc v1.35.20/go.mod h1:JHs8/y1f3zY7U5WcuzoJ/yAYGYtNIVPKLIbp61euvmg=
github.com/aws/aws-sdk-go-v2/service/sts v1.42.0 h1:ks8KBcZPh3PYISr5dAiXCM5/Thcuxk8l+PG4+A0exds=
github.com/aws/aws-sdk-go-v2/service/sts v1.42.0/go.mod h1:pFw33T0WLvXU3rw1WBkpMlkgIn54eCB5FYLhjDc9Foo=
github.com/aws/smithy-go v1.25.0 h1:Sz/XJ64rwuiKtB6j98nDIPyYrV1nVNJ4YU74gttcl5U=
github.com/aws/smithy-go v1.25.0/go.mod h1:YE2RhdIuDbA5E5bTdciG9KrW3+TiEONeUWCqxX9i1Fc=
github.com/davecgh/go-spew v1.1.1 h1:vj9j/u1bqnvCEfJOwUhtlOARqs3+rkHYY13jYWTU97c=
github.com/davecgh/go-spew v1.1.1/go.mod h1:J7Y8YcW2NihsgmVo/mv3lAwl/skON4iLHjSsI+c5H38=
github.com/getsentry/sentry-go v0.45.1 h1:9rfzJtGiJG+MGIaWZXidDGHcH5GU1Z5y0WVJGf9nysw=
github.com/getsentry/sentry-go v0.45.1/go.mod h1:XDotiNZbgf5U8bPDUAfvcFmOnMQQceESxyKaObSssW0=
github.com/go-errors/errors v1.4.2 h1:J6MZopCL4uSllY1OfXM374weqZFFItUbrImctkmUxIA=
github.com/go-errors/errors v1.4.2/go.mod h1:sIVyrIiJhuEF+Pj9Ebtd6P/rEYROXFi3BopGUQ5a5Og=
github.com/google/go-cmp v0.5.9 h1:O2Tfq5qg4qc4AmwVlvv0oLiVAGB7enBSJ2x2DqQFi38=
github.com/google/go-cmp v0.5.9/go.mod h1:17dUlkBOakJ0+DkrSSNjCkIjxS6bF9zb3elmeNGIjoY=
github.com/pingcap/errors v0.11.4 h1:lFuQV/oaUMGcD2tqt+01ROSmJs75VG1ToEOkZIZ4nE4=
github.com/pingcap/errors v0.11.4/go.mod h1:Oi8TUi2kEtXXLMJk9l1cGmz20kV3TaQ0usTwv5KuLY8=
github.com/pkg/errors v0.9.1 h1:FEBLx1zS214owpjy7qsBeixbURkuhQAwrK5UwLGTwt4=
github.com/pkg/errors v0.9.1/go.mod h1:bwawxfHBFNV+L2hUp1rHADufV3IMtnDRdf1r5NINEl0=
github.com/pmezard/go-difflib v1.0.0 h1:4DBwDE0NGyQoBHbLQYPwSUPoCMWR5BEzIk/f1lZbAQM=
github.com/pmezard/go-difflib v1.0.0/go.mod h1:iKH77koFhYxTK1pcRnkKkqfTogsbg7gZNVY4sRDYZ/4=
github.com/stretchr/testify v1.9.0 h1:HtqpIVDClZ4nwg75+f6Lvsy/wHu+3BoSGCbBAcpTsTg=
github.com/stretchr/testify v1.9.0/go.mod h1:r2ic/lqez/lEtzL7wO/rwa5dbSLXVDPFyf8C91i36aY=
go.uber.org/goleak v1.3.0 h1:2K3zAYmnTNqV73imy9J1T3WC+gmCePx2hEGkimedGto=
go.uber.org/goleak v1.3.0/go.mod h1:CoHD4mav9JJNrW/WLlf7HGZPjdw8EucARQHekz1X6bE=
golang.org/x/sys v0.39.0 h1:CvCKL8MeisomCi6qNZ+wbb0DN9E5AATixKsvNtMoMFk=
golang.org/x/sys v0.39.0/go.mod h1:OgkHotnGiDImocRcuBABYBEXf8A9a87e/uXjp9XT3ks=
golang.org/x/text v0.32.0 h1:ZD01bjUt1FQ9WJ0ClOL5vxgxOI/sVCNgX1YtKwcY0mU=
golang.org/x/text v0.32.0/go.mod h1:o/rUWzghvpD5TXrTIBuJU77MTaN0ljMWE47kxGJQ7jY=
gopkg.in/yaml.v3 v3.0.1 h1:fxVm/GzAzEWqLHuvctI91KS9hhNmmWOoWu0XTYJS7CA=
gopkg.in/yaml.v3 v3.0.1/go.mod h1:K4uyk7z7BCEPqu6E+C64Yfv1cQ7kz7rIZviUmN+EgEM=
