github.com/aws/aws-sdk-go-v2 v1.45.0 h1:Fjxm4nBOZtZu9ba/E0txJMGMysAEhLonbWptbqAxKx0=
github.com/aws/aws-sdk-go-v2 v1.45.0/go.mod h1:bttEH6JqnUL8LepvDVfdrds/fZ5bCIxzpe3abyUrhDU=
github.com/aws/aws-sdk-go-v2/aws/protocol/eventstream v1.7.20 h1:GPRlPwz40I2B2VrBEASOA3Bi77NyeqejNLkifosX0rs=
github.com/aws/aws-sdk-go-v2/aws/protocol/eventstream v1.7.20/go.mod h1:g7PNzKcsOKWb4fkSRBA7BZVAS6Y8IcxzN+nRohhQ1Q8=
github.com/aws/aws-sdk-go-v2/config v1.33.0 h1:7diNAnB5atOdqXtkNOgOSJeW0B5hK91Wpdif4ZU2+n8=
github.com/aws/aws-sdk-go-v2/config v1.33.0/go.mod h1:Wdx3+4SAOpY6SZuqzZ+I4nfykdqAyOM5QzBtAVcNXs4=
github.com/aws/aws-sdk-go-v2/credentials v1.20.0 h1:SuE9Ay1AQmKTFRLQiJ4yo1MOQH3pCmMvT1auucu8sgc=
github.com/aws/aws-sdk-go-v2/credentials v1.20.0/go.mod h1:fxvWPM2xG890LalTf2BEF8ehYwvPHXeIDs+PmkHvyeI=
github.com/aws/aws-sdk-go-v2/feature/ec2/imds v1.19.0 h1:Xa9oGNxZr89peMfPe9vNK5Ff8CI5dQF4hm0BsSvE8Ls=
github.com/aws/aws-sdk-go-v2/feature/ec2/imds v1.19.0/go.mod h1:iCdeweX6PdjSlPek3rnDOGNMHrCa/ewmcIEAiOhKT+0=
github.com/aws/aws-sdk-go-v2/feature/s3/transfermanager v0.4.0 h1:qX/BtsK6qnIPsT+mFcmKtpYuBcpdcL+T2RZh3qlCH8I=
github.com/aws/aws-sdk-go-v2/feature/s3/transfermanager v0.4.0/go.mod h1:XYJTu7EWDniT700iqFSCX0Nj0j9bDTtvtyejYivWt98=
github.com/aws/aws-sdk-go-v2/internal/configsources v1.5.0 h1:vmthwtZVyiOn6T0vu9R8pgpR1UjZm1DV9rzVe/x0fRk=
github.com/aws/aws-sdk-go-v2/internal/configsources v1.5.0/go.mod h1:GA2h4liXS9xLyJKDAU50l3FqyvZJyIagaqPTB+lWVC0=
github.com/aws/aws-sdk-go-v2/internal/endpoints/v2 v2.8.0 h1:SbSyT5Tb/f9Rdd0Wy+qiKijMAS/wvGyG5kUrXvJOndE=
github.com/aws/aws-sdk-go-v2/internal/endpoints/v2 v2.8.0/go.mod h1:dj6WFeKD4Ktz+lryDvZ5rZlzPq2q9wRyuHKogYp/SG0=
github.com/aws/aws-sdk-go-v2/internal/v4a v1.5.0 h1:bCp6P6+1zX0SjzUjKnHcaplaNxipS6HlJCUbQSOC5bE=
github.com/aws/aws-sdk-go-v2/internal/v4a v1.5.0/go.mod h1:cyMJ/6RISz6pvk+o4MrgSBG5502jOEAmEcj4YPTxcks=
github.com/aws/aws-sdk-go-v2/service/internal/accept-encoding v1.13.19 h1:bAdDl/HkGCcGPoe25ToSHEw23VIxt6CT5fLcg111BKg=
github.com/aws/aws-sdk-go-v2/service/internal/accept-encoding v1.13.19/go.mod h1:KaUzbLxv4CeSxh6ZCl9B4m7CuFenS8kUEaDs+f/DQr4=
github.com/aws/aws-sdk-go-v2/service/internal/checksum v1.11.0 h1:jCESOakHTNTsBpqLkYiISdQDuyU1VTt2WIa0ry6lBRw=
github.com/aws/aws-sdk-go-v2/service/internal/checksum v1.11.0/go.mod h1:ydpFTzvNhxcCCSqB+BGjbm/5jJQ44eTsfR8xt5YU6+M=
github.com/aws/aws-sdk-go-v2/service/internal/presigned-url v1.14.0 h1:2u6zfFOUpAqOQsBViEOhSWcg+BhZtE6NZ6f/Z+sFR9c=
github.com/aws/aws-sdk-go-v2/service/internal/presigned-url v1.14.0/go.mod h1:eluKsoZUd14O/oIOUhg9+dg67nYqsqDrbKTDEiOT4y8=
github.com/aws/aws-sdk-go-v2/service/internal/s3shared v1.20.0 h1:aSZ7U5odxUjmNiUv5Zl/pFibwtItBTt2DSXGvHSiu0U=
github.com/aws/aws-sdk-go-v2/service/internal/s3shared v1.20.0/go.mod h1:+4bImqO+rJTNqE7gPGiHtCcpib55GOnMcjx27r9sYZo=
github.com/aws/aws-sdk-go-v2/service/s3 v1.109.0 h1:kRyIh0V9/tGfQ8gRJh9MqfCwZ6EPlKDSV/v6xWY4SB4=
github.com/aws/aws-sdk-go-v2/service/s3 v1.109.0/go.mod h1:5t6ogQMduXXzprqMww58ey10ScREmfIgM1V6VFds+fE=
github.com/aws/aws-sdk-go-v2/service/signin v1.7.0 h1:RBNqx/MPLDIdM1DLhpPcOHsDT9kd7WwHmD8gNebE4rk=
github.com/aws/aws-sdk-go-v2/service/signin v1.7.0/go.mod h1:hdB1+tmRgJmw4t3FwnAR2PlHMxxFmtIw+HU2B5m0UbU=
github.com/aws/aws-sdk-go-v2/service/sso v1.35.0 h1:5RWsqG+14ed23Lu6edqOP3FwoPXVDt9okFsSmjZfjnk=
github.com/aws/aws-sdk-go-v2/service/sso v1.35.0/go.mod h1:PkaZicBIxRusYsIGywhD2se5CPJXHaMH7ES7B5CDaIA=
github.com/aws/aws-sdk-go-v2/service/ssooidc v1.40.0 h1:B4E8cJfReq5iNi1QDZaYRgZU6G2YKbXvPc1JeAzfiG0=
github.com/aws/aws-sdk-go-v2/service/ssooidc v1.40.0/go.mod h1:wU+m5M9H5+PJRHTOOY/IEGJN/7CL6o+n5ALaIZ98UjM=
github.com/aws/aws-sdk-go-v2/service/sts v1.47.0 h1:u+h5Ki/SZmbemarKOHM1iAdy0vVZRqdxYo3ItfHjLAE=
github.com/aws/aws-sdk-go-v2/service/sts v1.47.0/go.mod h1:uw3ag3/g93gokcJxOmKjylVC7+ZSJue5h7BgWE5alhw=
github.com/aws/smithy-go v1.28.1 h1:R/nXH00c8qcfCzQVELtRw+eLQWtzv+VAIEFJ1/xxXlQ=
github.com/aws/smithy-go v1.28.1/go.mod h1:YE2RhdIuDbA5E5bTdciG9KrW3+TiEONeUWCqxX9i1Fc=
